{
  "nodes": {
    "classes": {
      "inputs": {
        "flakeNimbleLib": [
          "flakeNimbleLib"
        ],
        "nixpkgs": [
          "nixpkgs"
        ],
        "src-classes-v0_2_11": "src-classes-v0_2_11"
      },
      "locked": {
        "dir": "v0_2_11",
        "lastModified": 1647934107,
        "narHash": "sha256-s7HdqXkUwdmE33MUiWON3kTltpr0lzcW/q+xJNf/Urk=",
        "owner": "nim-nix-pkgs",
        "repo": "classes",
        "rev": "e2f90efd21664dd63b9c8b22378cec30e36ffb59",
        "type": "github"
      },
      "original": {
        "dir": "v0_2_11",
        "owner": "nim-nix-pkgs",
        "ref": "master",
        "repo": "classes",
        "type": "github"
      }
    },
    "elvis": {
      "inputs": {
        "flakeNimbleLib": [
          "flakeNimbleLib"
        ],
        "nixpkgs": [
          "nixpkgs"
        ],
        "src-elvis-v0_5_0": "src-elvis-v0_5_0"
      },
      "locked": {
        "dir": "v0_5_0",
        "lastModified": 1647999563,
        "narHash": "sha256-8kCopUBx+O+5kl3gRgfAnWFEa9HX2BbDU7E9UNoJkLg=",
        "owner": "nim-nix-pkgs",
        "repo": "elvis",
        "rev": "3b969489a3c4a6b845dd7df9980f5366d02334fc",
        "type": "github"
      },
      "original": {
        "dir": "v0_5_0",
        "owner": "nim-nix-pkgs",
        "ref": "master",
        "repo": "elvis",
        "type": "github"
      }
    },
    "flakeNimbleLib": {
      "inputs": {
        "nixpkgs": [
          "nixpkgs"
        ]
      },
      "locked": {
        "lastModified": 1647920574,
        "narHash": "sha256-D3ob5QykELhyNcTnISOkjEzLlgXltwON8Ucrz5cpiQI=",
        "owner": "riinr",
        "repo": "nim-flakes-lib",
        "rev": "bfb46a1f762002f07f9d81d93dacd544c6890623",
        "type": "github"
      },
      "original": {
        "owner": "riinr",
        "ref": "master",
        "repo": "nim-flakes-lib",
        "type": "github"
      }
    },
    "nixpkgs": {
      "locked": {
        "narHash": "sha256-sK1Ow//80EKE3bAF5d+2gB8vPXw6m5TBk3wSLHvdVe0=",
        "path": "/nix/store/0yqgkbpmsk7ck4s34wk505sfdd9vils4-source",
        "type": "path"
      },
      "original": {
        "id": "nixpkgs",
        "type": "indirect"
      }
    },
    "root": {
      "inputs": {
        "classes": "classes",
        "elvis": "elvis",
        "flakeNimbleLib": "flakeNimbleLib",
        "nixpkgs": "nixpkgs",
        "src-termui-master": "src-termui-master"
      }
    },
    "src-classes-v0_2_11": {
      "flake": false,
      "locked": {
        "lastModified": 1640607049,
        "narHash": "sha256-o6+36mH/c+hYXU2LplbpS21SHxzKct6tutDU5Tp0PmY=",
        "owner": "jjv360",
        "repo": "nim-classes",
        "rev": "4c1b20b71f2034223b0a14b235bf477302e655b1",
        "type": "github"
      },
      "original": {
        "owner": "jjv360",
        "ref": "refs/tags/v0.2.11",
        "repo": "nim-classes",
        "type": "github"
      }
    },
    "src-elvis-v0_5_0": {
      "flake": false,
      "locked": {
        "lastModified": 1642432724,
        "narHash": "sha256-KVIvmw0I81KxZweOe5faO1pQFL/yaUojvGnTwmVlZJI=",
        "owner": "mattaylor",
        "repo": "elvis",
        "rev": "f0632e830c264ccd2e8489596db9b29fd5d1cd67",
        "type": "github"
      },
      "original": {
        "owner": "mattaylor",
        "ref": "refs/tags/v0.5.0",
        "repo": "elvis",
        "type": "github"
      }
    },
    "src-termui-master": {
      "flake": false,
      "locked": {
        "lastModified": 1617374455,
        "narHash": "sha256-ZwRrurKOHMCh48+h8rn+hmOSPHUt0ZmZ7/pNziW5sb0=",
        "owner": "jjv360",
        "repo": "nim-termui",
        "rev": "8c2a82c5919077a9e2a8546972387484ae37b8a5",
        "type": "github"
      },
      "original": {
        "owner": "jjv360",
        "ref": "refs/heads/master",
        "repo": "nim-termui",
        "type": "github"
      }
    }
  },
  "root": "root",
  "version": 7
}
